
Microsoft Visual Studio Solution File, Format Version 12.00
# Visual Studio 14
VisualStudioVersion = 14.0.25420.1
MinimumVisualStudioVersion = 10.0.40219.1
Project("{8BC9CEB8-8B4A-11D0-8D11-00A0C91BC942}") = "C1", "C1\C1.vcxproj", "{72D658CB-6802-4CF6-9436-3DC9F166CAA7}"
EndProject
Project("{8BC9CEB8-8B4A-11D0-8D11-00A0C91BC942}") = "C7", "C7\C7.vcxproj", "{FC6E959E-CBAF-4465-8AEB-D553860E0AAB}"
EndProject
Project("{8BC9CEB8-8B4A-11D0-8D11-00A0C91BC942}") = "C2", "C2\C2.vcxproj", "{D0A063D5-7740-483A-8095-176A293F74E8}"
EndProject
Project("{8BC9CEB8-8B4A-11D0-8D11-00A0C91BC942}") = "C3", "C3\C3.vcxproj", "{8CE37901-FA4B-465E-BAD8-C4240FD335F2}"
EndProject
Project("{8BC9CEB8-8B4A-11D0-8D11-00A0C91BC942}") = "C4", "C4\C4.vcxproj", "{8C96D63E-4B3E-4977-A5C2-E0301293CCFE}"
EndProject
Project("{8BC9CEB8-8B4A-11D0-8D11-00A0C91BC942}") = "C5", "C5\C5.vcxproj", "{4C2BB775-2785-40B9-BB03-74A9E45C3CA3}"
EndProject
Project("{8BC9CEB8-8B4A-11D0-8D11-00A0C91BC942}") = "C6", "C6\C6.vcxproj", "{15F58FE8-C93E-4AB9-B8C9-7F633C5DCDB0}"
EndProject
Global
	GlobalSection(SolutionConfigurationPlatforms) = preSolution
		Debug|x64 = Debug|x64
		Debug|x86 = Debug|x86
		Release|x64 = Release|x64
		Release|x86 = Release|x86
	EndGlobalSection
	GlobalSection(ProjectConfigurationPlatforms) = postSolution
		{72D658CB-6802-4CF6-9436-3DC9F166CAA7}.Debug|x64.ActiveCfg = Debug|x64
		{72D658CB-6802-4CF6-9436-3DC9F166CAA7}.Debug|x64.Build.0 = Debug|x64
		{72D658CB-6802-4CF6-9436-3DC9F166CAA7}.Debug|x86.ActiveCfg = Debug|Win32
		{72D658CB-6802-4CF6-9436-3DC9F166CAA7}.Debug|x86.Build.0 = Debug|Win32
		{72D658CB-6802-4CF6-9436-3DC9F166CAA7}.Release|x64.ActiveCfg = Release|x64
		{72D658CB-6802-4CF6-9436-3DC9F166CAA7}.Release|x64.Build.0 = Release|x64
		{72D658CB-6802-4CF6-9436-3DC9F166CAA7}.Release|x86.ActiveCfg = Release|Win32
		{72D658CB-6802-4CF6-9436-3DC9F166CAA7}.Release|x86.Build.0 = Release|Win32
		{FC6E959E-CBAF-4465-8AEB-D553860E0AAB}.Debug|x64.ActiveCfg = Debug|x64
		{FC6E959E-CBAF-4465-8AEB-D553860E0AAB}.Debug|x64.Build.0 = Debug|x64
		{FC6E959E-CBAF-4465-8AEB-D553860E0AAB}.Debug|x86.ActiveCfg = Debug|Win32
		{FC6E959E-CBAF-4465-8AEB-D553860E0AAB}.Debug|x86.Build.0 = Debug|Win32
		{FC6E959E-CBAF-4465-8AEB-D553860E0AAB}.Release|x64.ActiveCfg = Release|x64
		{FC6E959E-CBAF-4465-8AEB-D553860E0AAB}.Release|x64.Build.0 = Release|x64
		{FC6E959E-CBAF-4465-8AEB-D553860E0AAB}.Release|x86.ActiveCfg = Release|Win32
		{FC6E959E-CBAF-4465-8AEB-D553860E0AAB}.Release|x86.Build.0 = Release|Win32
		{D0A063D5-7740-483A-8095-176A293F74E8}.Debug|x64.ActiveCfg = Debug|x64
		{D0A063D5-7740-483A-8095-176A293F74E8}.Debug|x64.Build.0 = Debug|x64
		{D0A063D5-7740-483A-8095-176A293F74E8}.Debug|x86.ActiveCfg = Debug|Win32
		{D0A063D5-7740-483A-8095-176A293F74E8}.Debug|x86.Build.0 = Debug|Win32
		{D0A063D5-7740-483A-8095-176A293F74E8}.Release|x64.ActiveCfg = Release|x64
		{D0A063D5-7740-483A-8095-176A293F74E8}.Release|x64.Build.0 = Release|x64
		{D0A063D5-7740-483A-8095-176A293F74E8}.Release|x86.ActiveCfg = Release|Win32
		{D0A063D5-7740-483A-8095-176A293F74E8}.Release|x86.Build.0 = Release|Win32
		{8CE37901-FA4B-465E-BAD8-C4240FD335F2}.Debug|x64.ActiveCfg = Debug|x64
		{8CE37901-FA4B-465E-BAD8-C4240FD335F2}.Debug|x64.Build.0 = Debug|x64
		{8CE37901-FA4B-465E-BAD8-C4240FD335F2}.Debug|x86.ActiveCfg = Debug|Win32
		{8CE37901-FA4B-465E-BAD8-C4240FD335F2}.Debug|x86.Build.0 = Debug|Win32
		{8CE37901-FA4B-465E-BAD8-C4240FD335F2}.Release|x64.ActiveCfg = Release|x64
		{8CE37901-FA4B-465E-BAD8-C4240FD335F2}.Release|x64.Build.0 = Release|x64
		{8CE37901-FA4B-465E-BAD8-C4240FD335F2}.Release|x86.ActiveCfg = Release|Win32
		{8CE37901-FA4B-465E-BAD8-C4240FD335F2}.Release|x86.Build.0 = Release|Win32
		{8C96D63E-4B3E-4977-A5C2-E0301293CCFE}.Debug|x64.ActiveCfg = Debug|x64
		{8C96D63E-4B3E-4977-A5C2-E0301293CCFE}.Debug|x64.Build.0 = Debug|x64
		{8C96D63E-4B3E-4977-A5C2-E0301293CCFE}.Debug|x86.ActiveCfg = Debug|Win32
		{8C96D63E-4B3E-4977-A5C2-E0301293CCFE}.Debug|x86.Build.0 = Debug|Win32
		{8C96D63E-4B3E-4977-A5C2-E0301293CCFE}.Release|x64.ActiveCfg = Release|x64
		{8C96D63E-4B3E-4977-A5C2-E0301293CCFE}.Release|x64.Build.0 = Release|x64
		{8C96D63E-4B3E-4977-A5C2-E0301293CCFE}.Release|x86.ActiveCfg = Release|Win32
		{8C96D63E-4B3E-4977-A5C2-E0301293CCFE}.Release|x86.Build.0 = Release|Win32
		{4C2BB775-2785-40B9-BB03-74A9E45C3CA3}.Debug|x64.ActiveCfg = Debug|x64
		{4C2BB775-2785-40B9-BB03-74A9E45C3CA3}.Debug|x64.Build.0 = Debug|x64
		{4C2BB775-2785-40B9-BB03-74A9E45C3CA3}.Debug|x86.ActiveCfg = Debug|Win32
		{4C2BB775-2785-40B9-BB03-74A9E45C3CA3}.Debug|x86.Build.0 = Debug|Win32
		{4C2BB775-2785-40B9-BB03-74A9E45C3CA3}.Release|x64.ActiveCfg = Release|x64
		{4C2BB775-2785-40B9-BB03-74A9E45C3CA3}.Release|x64.Build.0 = Release|x64
		{4C2BB775-2785-40B9-BB03-74A9E45C3CA3}.Release|x86.ActiveCfg = Release|Win32
		{4C2BB775-2785-40B9-BB03-74A9E45C3CA3}.Release|x86.Build.0 = Release|Win32
		{15F58FE8-C93E-4AB9-B8C9-7F633C5DCDB0}.Debug|x64.ActiveCfg = Debug|x64
		{15F58FE8-C93E-4AB9-B8C9-7F633C5DCDB0}.Debug|x64.Build.0 = Debug|x64
		{15F58FE8-C93E-4AB9-B8C9-7F633C5DCDB0}.Debug|x86.ActiveCfg = Debug|Win32
		{15F58FE8-C93E-4AB9-B8C9-7F633C5DCDB0}.Debug|x86.Build.0 = Debug|Win32
		{15F58FE8-C93E-4AB9-B8C9-7F633C5DCDB0}.Release|x64.ActiveCfg = Release|x64
		{15F58FE8-C93E-4AB9-B8C9-7F633C5DCDB0}.Release|x64.Build.0 = Release|x64
		{15F58FE8-C93E-4AB9-B8C9-7F633C5DCDB0}.Release|x86.ActiveCfg = Release|Win32
		{15F58FE8-C93E-4AB9-B8C9-7F633C5DCDB0}.Release|x86.Build.0 = Release|Win32
	EndGlobalSection
	GlobalSection(SolutionProperties) = preSolution
		HideSolutionNode = FALSE
	EndGlobalSection
EndGlobal
